
Microsoft Visual Studio Solution File, Format Version 12.00
# Visual Studio Version 16
VisualStudioVersion = 16.0.31515.178
MinimumVisualStudioVersion = 10.0.40219.1
Project("{FAE04EC0-301F-11D3-BF4B-00C04F79EFBC}") = "BankingWebApp", "BankingWebApp\BankingWebApp.csproj", "{94619F45-D6CC-4CBC-A512-9F5BFFE30F91}"
EndProject
Global
	GlobalSection(SolutionConfigurationPlatforms) = preSolution
		Debug|Any CPU = Debug|Any CPU
		Release|Any CPU = Release|Any CPU
	EndGlobalSection
	GlobalSection(ProjectConfigurationPlatforms) = postSolution
		{94619F45-D6CC-4CBC-A512-9F5BFFE30F91}.Debug|Any CPU.ActiveCfg = Debug|Any CPU
		{94619F45-D6CC-4CBC-A512-9F5BFFE30F91}.Debug|Any CPU.Build.0 = Debug|Any CPU
		{94619F45-D6CC-4CBC-A512-9F5BFFE30F91}.Release|Any CPU.ActiveCfg = Release|Any CPU
		{94619F45-D6CC-4CBC-A512-9F5BFFE30F91}.Release|Any CPU.Build.0 = Release|Any CPU
	EndGlobalSection
	GlobalSection(SolutionProperties) = preSolution
		HideSolutionNode = FALSE
	EndGlobalSection
	GlobalSection(ExtensibilityGlobals) = postSolution
		SolutionGuid = {6B6D1F3E-64E0-4977-9AC0-3E0794663994}
	EndGlobalSection
EndGlobal
